
Microsoft Visual Studio Solution File, Format Version 12.00
# Visual Studio Version 16
VisualStudioVersion = 16.0.31515.178
MinimumVisualStudioVersion = 10.0.40219.1
Project("{FAE04EC0-301F-11D3-BF4B-00C04F79EFBC}") = "Covid19Tab", "Covid19Tab\Covid19Tab.csproj", "{AC2F5539-91AA-4AEC-918B-DC26731A2879}"
EndProject
Global
	GlobalSection(SolutionConfigurationPlatforms) = preSolution
		Debug|Any CPU = Debug|Any CPU
		Release|Any CPU = Release|Any CPU
	EndGlobalSection
	GlobalSection(ProjectConfigurationPlatforms) = postSolution
		{AC2F5539-91AA-4AEC-918B-DC26731A2879}.Debug|Any CPU.ActiveCfg = Debug|Any CPU
		{AC2F5539-91AA-4AEC-918B-DC26731A2879}.Debug|Any CPU.Build.0 = Debug|Any CPU
		{AC2F5539-91AA-4AEC-918B-DC26731A2879}.Release|Any CPU.ActiveCfg = Release|Any CPU
		{AC2F5539-91AA-4AEC-918B-DC26731A2879}.Release|Any CPU.Build.0 = Release|Any CPU
	EndGlobalSection
	GlobalSection(SolutionProperties) = preSolution
		HideSolutionNode = FALSE
	EndGlobalSection
	GlobalSection(ExtensibilityGlobals) = postSolution
		SolutionGuid = {EE7797A7-AD60-481C-BE34-8A180133ED62}
	EndGlobalSection
EndGlobal
