
Microsoft Visual Studio Solution File, Format Version 12.00
# Visual Studio Version 16
VisualStudioVersion = 16.0.31129.286
MinimumVisualStudioVersion = 10.0.40219.1
Project("{9A19103F-16F7-4668-BE54-9A1E7A4F7556}") = "Covid19Tab", "Covid19Tab\Covid19Tab.csproj", "{12DC476E-DF7A-4B43-8390-922C95C751D7}"
EndProject
Global
	GlobalSection(SolutionConfigurationPlatforms) = preSolution
		Debug|Any CPU = Debug|Any CPU
		Release|Any CPU = Release|Any CPU
	EndGlobalSection
	GlobalSection(ProjectConfigurationPlatforms) = postSolution
		{12DC476E-DF7A-4B43-8390-922C95C751D7}.Debug|Any CPU.ActiveCfg = Release|Any CPU
		{12DC476E-DF7A-4B43-8390-922C95C751D7}.Debug|Any CPU.Build.0 = Release|Any CPU
		{12DC476E-DF7A-4B43-8390-922C95C751D7}.Release|Any CPU.ActiveCfg = Release|Any CPU
		{12DC476E-DF7A-4B43-8390-922C95C751D7}.Release|Any CPU.Build.0 = Release|Any CPU
	EndGlobalSection
	GlobalSection(SolutionProperties) = preSolution
		HideSolutionNode = FALSE
	EndGlobalSection
	GlobalSection(ExtensibilityGlobals) = postSolution
		SolutionGuid = {0CF01440-3C86-4010-AAE4-B4F5F75B1454}
	EndGlobalSection
EndGlobal
